
Microsoft Visual Studio Solution File, Format Version 12.00
# Visual Studio 15
VisualStudioVersion = 15.0.28010.2003
MinimumVisualStudioVersion = 10.0.40219.1
Project("{8BC9CEB8-8B4A-11D0-8D11-00A0C91BC942}") = "week4", "week4\week4.vcxproj", "{CD02143C-1D3E-4DB7-815C-F7E3AABFFA66}"
EndProject
Global
	GlobalSection(SolutionConfigurationPlatforms) = preSolution
		Debug|x64 = Debug|x64
		Debug|x86 = Debug|x86
		Release|x64 = Release|x64
		Release|x86 = Release|x86
	EndGlobalSection
	GlobalSection(ProjectConfigurationPlatforms) = postSolution
		{CD02143C-1D3E-4DB7-815C-F7E3AABFFA66}.Debug|x64.ActiveCfg = Debug|x64
		{CD02143C-1D3E-4DB7-815C-F7E3AABFFA66}.Debug|x64.Build.0 = Debug|x64
		{CD02143C-1D3E-4DB7-815C-F7E3AABFFA66}.Debug|x86.ActiveCfg = Debug|Win32
		{CD02143C-1D3E-4DB7-815C-F7E3AABFFA66}.Debug|x86.Build.0 = Debug|Win32
		{CD02143C-1D3E-4DB7-815C-F7E3AABFFA66}.Release|x64.ActiveCfg = Release|x64
		{CD02143C-1D3E-4DB7-815C-F7E3AABFFA66}.Release|x64.Build.0 = Release|x64
		{CD02143C-1D3E-4DB7-815C-F7E3AABFFA66}.Release|x86.ActiveCfg = Release|Win32
		{CD02143C-1D3E-4DB7-815C-F7E3AABFFA66}.Release|x86.Build.0 = Release|Win32
	EndGlobalSection
	GlobalSection(SolutionProperties) = preSolution
		HideSolutionNode = FALSE
	EndGlobalSection
	GlobalSection(ExtensibilityGlobals) = postSolution
		SolutionGuid = {6D46539B-CB63-4247-B92C-52FEDCFBCD84}
	EndGlobalSection
EndGlobal
